
Microsoft Visual Studio Solution File, Format Version 12.00
# Visual Studio 2013
VisualStudioVersion = 12.0.0.0
MinimumVisualStudioVersion = 10.0.0.1
Project("{8BB2217D-0F2D-49D1-97BC-3654ED321F3B}") = "Notifier.Host", "Notifier.Host/Notifier.Host.xproj", "{7D8D7FEF-EE7A-4B24-8A36-2B3A5E9ACB59}"
EndProject
Project("{8BB2217D-0F2D-49D1-97BC-3654ED321F3B}") = "Notifier.WebApi", "Notifier.WebApi\Notifier.WebApi.xproj", "{118037E1-423E-4996-8237-3F44C40BFD85}"
EndProject
Global
	GlobalSection(SolutionConfigurationPlatforms) = preSolution
		Debug|Any CPU = Debug|Any CPU
		Release|Any CPU = Release|Any CPU
	EndGlobalSection
	GlobalSection(ProjectConfigurationPlatforms) = postSolution
		{7D8D7FEF-EE7A-4B24-8A36-2B3A5E9ACB59}.Debug|Any CPU.ActiveCfg = Debug|Any CPU
		{7D8D7FEF-EE7A-4B24-8A36-2B3A5E9ACB59}.Debug|Any CPU.Build.0 = Debug|Any CPU
		{7D8D7FEF-EE7A-4B24-8A36-2B3A5E9ACB59}.Release|Any CPU.ActiveCfg = Release|Any CPU
		{7D8D7FEF-EE7A-4B24-8A36-2B3A5E9ACB59}.Release|Any CPU.Build.0 = Release|Any CPU
		{118037E1-423E-4996-8237-3F44C40BFD85}.Debug|Any CPU.ActiveCfg = Debug|Any CPU
		{118037E1-423E-4996-8237-3F44C40BFD85}.Debug|Any CPU.Build.0 = Debug|Any CPU
		{118037E1-423E-4996-8237-3F44C40BFD85}.Release|Any CPU.ActiveCfg = Release|Any CPU
		{118037E1-423E-4996-8237-3F44C40BFD85}.Release|Any CPU.Build.0 = Release|Any CPU
	EndGlobalSection
	GlobalSection(SolutionProperties) = preSolution
		HideSolutionNode = FALSE
	EndGlobalSection
EndGlobal
